<Solution>
  <Folder Name="/samples/">
    <Project Path="samples/FeatureDemos/FeatureDemos.csproj" Id="1b7cd93f-9929-45b5-ae7a-527111c99e68" />
  </Folder>
  <Folder Name="/samples/CoreConcepts/" />
  <Folder Name="/samples/GettingStarted/">
    <Project Path="samples/GettingStarted/01-HelloBrine/01-HelloBrine.csproj" Id="484e31e4-180f-46f6-9a63-c9076a141f06" />
    <Project Path="samples/GettingStarted/02-SceneBasics/02-SceneBasics.csproj" Id="1e1ff149-1e69-4b45-bd2e-3207d5dde82c" />
    <Project Path="samples/GettingStarted/03-DependencyInjection/03-DependencyInjection.csproj" Id="f856980f-5102-4130-89e3-3184d9b1bb60" />
    <Project Path="samples/GettingStarted/04-InputAndText/04-InputAndText.csproj" Id="34b92816-8a0c-4309-8b8c-6ee492e5958a" />
  </Folder>
  <Folder Name="/src/">
    <Project Path="src/Brine2D.SDL/Brine2D.SDL.csproj" Id="d52a9e89-fc0d-4760-bd78-7cd5e7d2d69d" />
    <Project Path="src/Brine2D.Tilemap/Brine2D.Tilemap.csproj" Id="55d26457-bbaa-4b33-afd3-55966d514403" />
    <Project Path="src/Brine2D.UI/Brine2D.UI.csproj" Id="ad1578b4-b139-4fda-9517-b75e135bb3ca" />
    <Project Path="src/Brine2D/Brine2D.csproj" Id="8a64aaee-6811-482a-959a-6631e33cf011" />
  </Folder>
  <Folder Name="/tests/">
    <Project Path="tests/Brine2D.Integration.Tests/Brine2D.Integration.Tests.csproj" Id="b90ee451-9ae2-455b-8cbf-828bf0870cb0" />
    <Project Path="tests/Brine2D.Tests/Brine2D.Tests.csproj" Id="590ae3f2-5aa5-4512-b366-fadf7b43f813" />
  </Folder>
</Solution>
