<Solution>
  <Folder Name="/samples/">
    <Project Path="samples/AdvancedGame/AdvancedGame.csproj" />
    <Project Path="samples/FeatureDemos/FeatureDemos.csproj" Id="1b7cd93f-9929-45b5-ae7a-527111c99e68" />
    <Project Path="samples/PlatformerGame/PlatformerGame.csproj" />
  </Folder>
  <Folder Name="/src/">
    <Project Path="src/Brine2D.SDL/Brine2D.SDL.csproj" Id="d52a9e89-fc0d-4760-bd78-7cd5e7d2d69d" />
    <Project Path="src/Brine2D.Tilemap/Brine2D.Tilemap.csproj" Id="55d26457-bbaa-4b33-afd3-55966d514403" />
    <Project Path="src/Brine2D.UI/Brine2D.UI.csproj" Id="ad1578b4-b139-4fda-9517-b75e135bb3ca" />
    <Project Path="src/Brine2D/Brine2D.csproj" Id="8a64aaee-6811-482a-959a-6631e33cf011" />
  </Folder>
  <Folder Name="/tests/" />
</Solution>
